// !$*UTF8*$!
{
	archiveVersion = 1;
	classes = {
	};
	objectVersion = 55;
	objects = {

/* Begin PBXBuildFile section */
		2841953427CFB7B300085373 /* Utilities.swift in Sources */ = {isa = PBXBuildFile; fileRef = 2841953327CFB7B300085373 /* Utilities.swift */; };
		28980B2E27D79FA300140469 /* GoogleService-Info.plist in Resources */ = {isa = PBXBuildFile; fileRef = 28980B2D27D79FA300140469 /* GoogleService-Info.plist */; };
		28980B3127D7A08000140469 /* FirebaseFirestore in Frameworks */ = {isa = PBXBuildFile; productRef = 28980B3027D7A08000140469 /* FirebaseFirestore */; };
		2898F18727D12D3900C880D2 /* SignUpViewController.swift in Sources */ = {isa = PBXBuildFile; fileRef = 2898F18627D12D3900C880D2 /* SignUpViewController.swift */; };
		289BD48127CD355E00BB7F9A /* LogInViewController.swift in Sources */ = {isa = PBXBuildFile; fileRef = 289BD48027CD355E00BB7F9A /* LogInViewController.swift */; };
		289BD48527CD358A00BB7F9A /* HomeViewController.swift in Sources */ = {isa = PBXBuildFile; fileRef = 289BD48427CD358A00BB7F9A /* HomeViewController.swift */; };
		5DBAB7EA27CD2A00009953B2 /* AppDelegate.swift in Sources */ = {isa = PBXBuildFile; fileRef = 5DBAB7E927CD2A00009953B2 /* AppDelegate.swift */; };
		5DBAB7EC27CD2A00009953B2 /* SceneDelegate.swift in Sources */ = {isa = PBXBuildFile; fileRef = 5DBAB7EB27CD2A00009953B2 /* SceneDelegate.swift */; };
		5DBAB7EE27CD2A00009953B2 /* ViewController.swift in Sources */ = {isa = PBXBuildFile; fileRef = 5DBAB7ED27CD2A00009953B2 /* ViewController.swift */; };
		5DBAB7F127CD2A00009953B2 /* Main.storyboard in Resources */ = {isa = PBXBuildFile; fileRef = 5DBAB7EF27CD2A00009953B2 /* Main.storyboard */; };
		5DBAB7F327CD2A02009953B2 /* Assets.xcassets in Resources */ = {isa = PBXBuildFile; fileRef = 5DBAB7F227CD2A02009953B2 /* Assets.xcassets */; };
		5DBAB7F627CD2A02009953B2 /* LaunchScreen.storyboard in Resources */ = {isa = PBXBuildFile; fileRef = 5DBAB7F427CD2A02009953B2 /* LaunchScreen.storyboard */; };
		5DBAB7FE27D79E56009953B2 /* SettingsViewController.swift in Sources */ = {isa = PBXBuildFile; fileRef = 5DBAB7FD27D79E56009953B2 /* SettingsViewController.swift */; };
/* End PBXBuildFile section */

/* Begin PBXFileReference section */
		2841953327CFB7B300085373 /* Utilities.swift */ = {isa = PBXFileReference; lastKnownFileType = sourcecode.swift; path = Utilities.swift; sourceTree = "<group>"; };
		28980B2D27D79FA300140469 /* GoogleService-Info.plist */ = {isa = PBXFileReference; fileEncoding = 4; lastKnownFileType = text.plist.xml; path = "GoogleService-Info.plist"; sourceTree = "<group>"; };
		2898F18627D12D3900C880D2 /* SignUpViewController.swift */ = {isa = PBXFileReference; lastKnownFileType = sourcecode.swift; path = SignUpViewController.swift; sourceTree = "<group>"; };
		289BD48027CD355E00BB7F9A /* LogInViewController.swift */ = {isa = PBXFileReference; lastKnownFileType = sourcecode.swift; path = LogInViewController.swift; sourceTree = "<group>"; };
		289BD48427CD358A00BB7F9A /* HomeViewController.swift */ = {isa = PBXFileReference; lastKnownFileType = sourcecode.swift; path = HomeViewController.swift; sourceTree = "<group>"; };
		5DBAB7E627CD2A00009953B2 /* SeniorCapstone2.app */ = {isa = PBXFileReference; explicitFileType = wrapper.application; includeInIndex = 0; path = SeniorCapstone2.app; sourceTree = BUILT_PRODUCTS_DIR; };
		5DBAB7E927CD2A00009953B2 /* AppDelegate.swift */ = {isa = PBXFileReference; lastKnownFileType = sourcecode.swift; path = AppDelegate.swift; sourceTree = "<group>"; };
		5DBAB7EB27CD2A00009953B2 /* SceneDelegate.swift */ = {isa = PBXFileReference; lastKnownFileType = sourcecode.swift; path = SceneDelegate.swift; sourceTree = "<group>"; };
		5DBAB7ED27CD2A00009953B2 /* ViewController.swift */ = {isa = PBXFileReference; lastKnownFileType = sourcecode.swift; path = ViewController.swift; sourceTree = "<group>"; };
		5DBAB7F027CD2A00009953B2 /* Base */ = {isa = PBXFileReference; lastKnownFileType = file.storyboard; name = Base; path = Base.lproj/Main.storyboard; sourceTree = "<group>"; };
		5DBAB7F227CD2A02009953B2 /* Assets.xcassets */ = {isa = PBXFileReference; lastKnownFileType = folder.assetcatalog; path = Assets.xcassets; sourceTree = "<group>"; };
		5DBAB7F527CD2A02009953B2 /* Base */ = {isa = PBXFileReference; lastKnownFileType = file.storyboard; name = Base; path = Base.lproj/LaunchScreen.storyboard; sourceTree = "<group>"; };

/* End PBXFileReference section */

/* Begin PBXFrameworksBuildPhase section */
		5DBAB7E327CD2A00009953B2 /* Frameworks */ = {
			isa = PBXFrameworksBuildPhase;
			buildActionMask = 2147483647;
			files = (
				28980B3127D7A08000140469 /* FirebaseFirestore in Frameworks */,
			);
			runOnlyForDeploymentPostprocessing = 0;
		};
/* End PBXFrameworksBuildPhase section */

/* Begin PBXGroup section */
		5DBAB7DD27CD2A00009953B2 = {
			isa = PBXGroup;
			children = (
				5DBAB7E827CD2A00009953B2 /* SeniorCapstone2 */,
				5DBAB7E727CD2A00009953B2 /* Products */,
			);
			sourceTree = "<group>";
		};
		5DBAB7E727CD2A00009953B2 /* Products */ = {
			isa = PBXGroup;
			children = (
				5DBAB7E627CD2A00009953B2 /* SeniorCapstone2.app */,
			);
			name = Products;
			sourceTree = "<group>";
		};
		5DBAB7E827CD2A00009953B2 /* SeniorCapstone2 */ = {
			isa = PBXGroup;
			children = (
				5DBAB7E927CD2A00009953B2 /* AppDelegate.swift */,
				5DBAB7EB27CD2A00009953B2 /* SceneDelegate.swift */,
				2898F18627D12D3900C880D2 /* SignUpViewController.swift */,
				289BD48027CD355E00BB7F9A /* LogInViewController.swift */,
				289BD48427CD358A00BB7F9A /* HomeViewController.swift */,
				5DBAB7ED27CD2A00009953B2 /* ViewController.swift */,
				2841953327CFB7B300085373 /* Utilities.swift */,
				5DBAB7EF27CD2A00009953B2 /* Main.storyboard */,
				5DBAB7FD27D79E56009953B2 /* SettingsViewController.swift */,
				5DBAB7F227CD2A02009953B2 /* Assets.xcassets */,
				5DBAB7F427CD2A02009953B2 /* LaunchScreen.storyboard */,
				28980B2D27D79FA300140469 /* GoogleService-Info.plist */,
			);
			path = SeniorCapstone2;
			sourceTree = "<group>";
		};
/* End PBXGroup section */

/* Begin PBXNativeTarget section */
		5DBAB7E527CD2A00009953B2 /* SeniorCapstone2 */ = {
			isa = PBXNativeTarget;
			buildConfigurationList = 5DBAB7FA27CD2A02009953B2 /* Build configuration list for PBXNativeTarget "SeniorCapstone2" */;
			buildPhases = (
				5DBAB7E227CD2A00009953B2 /* Sources */,
				5DBAB7E327CD2A00009953B2 /* Frameworks */,
				5DBAB7E427CD2A00009953B2 /* Resources */,
			);
			buildRules = (
			);
			dependencies = (
			);
			name = SeniorCapstone2;
			packageProductDependencies = (
				28980B3027D7A08000140469 /* FirebaseFirestore */,
			);
			productName = SeniorCapstone2;
			productReference = 5DBAB7E627CD2A00009953B2 /* SeniorCapstone2.app */;
			productType = "com.apple.product-type.application";
		};
/* End PBXNativeTarget section */

/* Begin PBXProject section */
		5DBAB7DE27CD2A00009953B2 /* Project object */ = {
			isa = PBXProject;
			attributes = {
				BuildIndependentTargetsInParallel = 1;
				LastSwiftUpdateCheck = 1320;
				LastUpgradeCheck = 1320;
				TargetAttributes = {
					5DBAB7E527CD2A00009953B2 = {
						CreatedOnToolsVersion = 13.2.1;
					};
				};
			};
			buildConfigurationList = 5DBAB7E127CD2A00009953B2 /* Build configuration list for PBXProject "SeniorCapstone2" */;
			compatibilityVersion = "Xcode 13.0";
			developmentRegion = en;
			hasScannedForEncodings = 0;
			knownRegions = (
				en,
				Base,
			);
			mainGroup = 5DBAB7DD27CD2A00009953B2;
			packageReferences = (
				28980B2F27D7A08000140469 /* XCRemoteSwiftPackageReference "firebase-ios-sdk" */,
			);
			productRefGroup = 5DBAB7E727CD2A00009953B2 /* Products */;
			projectDirPath = "";
			projectRoot = "";
			targets = (
				5DBAB7E527CD2A00009953B2 /* SeniorCapstone2 */,
			);
		};
/* End PBXProject section */

/* Begin PBXResourcesBuildPhase section */
		5DBAB7E427CD2A00009953B2 /* Resources */ = {
			isa = PBXResourcesBuildPhase;
			buildActionMask = 2147483647;
			files = (
				5DBAB7F627CD2A02009953B2 /* LaunchScreen.storyboard in Resources */,
				28980B2E27D79FA300140469 /* GoogleService-Info.plist in Resources */,
				5DBAB7F327CD2A02009953B2 /* Assets.xcassets in Resources */,
				5DBAB7F127CD2A00009953B2 /* Main.storyboard in Resources */,
			);
			runOnlyForDeploymentPostprocessing = 0;
		};
/* End PBXResourcesBuildPhase section */

/* Begin PBXSourcesBuildPhase section */
		5DBAB7E227CD2A00009953B2 /* Sources */ = {
			isa = PBXSourcesBuildPhase;
			buildActionMask = 2147483647;
			files = (
				289BD48127CD355E00BB7F9A /* LogInViewController.swift in Sources */,
				2898F18727D12D3900C880D2 /* SignUpViewController.swift in Sources */,
				5DBAB7EE27CD2A00009953B2 /* ViewController.swift in Sources */,
				2841953427CFB7B300085373 /* Utilities.swift in Sources */,
				5DBAB7EA27CD2A00009953B2 /* AppDelegate.swift in Sources */,
				5DBAB7EC27CD2A00009953B2 /* SceneDelegate.swift in Sources */,
				289BD48527CD358A00BB7F9A /* HomeViewController.swift in Sources */,
				5DBAB7FE27D79E56009953B2 /* SettingsViewController.swift in Sources */,
			);
			runOnlyForDeploymentPostprocessing = 0;
		};
/* End PBXSourcesBuildPhase section */

/* Begin PBXVariantGroup section */
		5DBAB7EF27CD2A00009953B2 /* Main.storyboard */ = {
			isa = PBXVariantGroup;
			children = (
				5DBAB7F027CD2A00009953B2 /* Base */,
			);
			name = Main.storyboard;
			sourceTree = "<group>";
		};
		5DBAB7F427CD2A02009953B2 /* LaunchScreen.storyboard */ = {
			isa = PBXVariantGroup;
			children = (
				5DBAB7F527CD2A02009953B2 /* Base */,
			);
			name = LaunchScreen.storyboard;
			sourceTree = "<group>";
		};
/* End PBXVariantGroup section */

/* Begin XCBuildConfiguration section */
		5DBAB7F827CD2A02009953B2 /* Debug */ = {
			isa = XCBuildConfiguration;
			buildSettings = {
				ALWAYS_SEARCH_USER_PATHS = NO;
				CLANG_ANALYZER_NONNULL = YES;
				CLANG_ANALYZER_NUMBER_OBJECT_CONVERSION = YES_AGGRESSIVE;
				CLANG_CXX_LANGUAGE_STANDARD = "gnu++17";
				CLANG_CXX_LIBRARY = "libc++";
				CLANG_ENABLE_MODULES = YES;
				CLANG_ENABLE_OBJC_ARC = YES;
				CLANG_ENABLE_OBJC_WEAK = YES;
				CLANG_WARN_BLOCK_CAPTURE_AUTORELEASING = YES;
				CLANG_WARN_BOOL_CONVERSION = YES;
				CLANG_WARN_COMMA = YES;
				CLANG_WARN_CONSTANT_CONVERSION = YES;
				CLANG_WARN_DEPRECATED_OBJC_IMPLEMENTATIONS = YES;
				CLANG_WARN_DIRECT_OBJC_ISA_USAGE = YES_ERROR;
				CLANG_WARN_DOCUMENTATION_COMMENTS = YES;
				CLANG_WARN_EMPTY_BODY = YES;
				CLANG_WARN_ENUM_CONVERSION = YES;
				CLANG_WARN_INFINITE_RECURSION = YES;
				CLANG_WARN_INT_CONVERSION = YES;
				CLANG_WARN_NON_LITERAL_NULL_CONVERSION = YES;
				CLANG_WARN_OBJC_IMPLICIT_RETAIN_SELF = YES;
				CLANG_WARN_OBJC_LITERAL_CONVERSION = YES;
				CLANG_WARN_OBJC_ROOT_CLASS = YES_ERROR;
				CLANG_WARN_QUOTED_INCLUDE_IN_FRAMEWORK_HEADER = YES;
				CLANG_WARN_RANGE_LOOP_ANALYSIS = YES;
				CLANG_WARN_STRICT_PROTOTYPES = YES;
				CLANG_WARN_SUSPICIOUS_MOVE = YES;
				CLANG_WARN_UNGUARDED_AVAILABILITY = YES_AGGRESSIVE;
				CLANG_WARN_UNREACHABLE_CODE = YES;
				CLANG_WARN__DUPLICATE_METHOD_MATCH = YES;
				COPY_PHASE_STRIP = NO;
				DEBUG_INFORMATION_FORMAT = dwarf;
				ENABLE_STRICT_OBJC_MSGSEND = YES;
				ENABLE_TESTABILITY = YES;
				GCC_C_LANGUAGE_STANDARD = gnu11;
				GCC_DYNAMIC_NO_PIC = NO;
				GCC_NO_COMMON_BLOCKS = YES;
				GCC_OPTIMIZATION_LEVEL = 0;
				GCC_PREPROCESSOR_DEFINITIONS = (
					"DEBUG=1",
					"$(inherited)",
				);
				GCC_WARN_64_TO_32_BIT_CONVERSION = YES;
				GCC_WARN_ABOUT_RETURN_TYPE = YES_ERROR;
				GCC_WARN_UNDECLARED_SELECTOR = YES;
				GCC_WARN_UNINITIALIZED_AUTOS = YES_AGGRESSIVE;
				GCC_WARN_UNUSED_FUNCTION = YES;
				GCC_WARN_UNUSED_VARIABLE = YES;
				IPHONEOS_DEPLOYMENT_TARGET = 15.2;
				MTL_ENABLE_DEBUG_INFO = INCLUDE_SOURCE;
				MTL_FAST_MATH = YES;
				ONLY_ACTIVE_ARCH = YES;
				SDKROOT = iphoneos;
				SWIFT_ACTIVE_COMPILATION_CONDITIONS = DEBUG;
				SWIFT_OPTIMIZATION_LEVEL = "-Onone";
			};
			name = Debug;
		};
		5DBAB7F927CD2A02009953B2 /* Release */ = {
			isa = XCBuildConfiguration;
			buildSettings = {
				ALWAYS_SEARCH_USER_PATHS = NO;
				CLANG_ANALYZER_NONNULL = YES;
				CLANG_ANALYZER_NUMBER_OBJECT_CONVERSION = YES_AGGRESSIVE;
				CLANG_CXX_LANGUAGE_STANDARD = "gnu++17";
				CLANG_CXX_LIBRARY = "libc++";
				CLANG_ENABLE_MODULES = YES;
				CLANG_ENABLE_OBJC_ARC = YES;
				CLANG_ENABLE_OBJC_WEAK = YES;
				CLANG_WARN_BLOCK_CAPTURE_AUTORELEASING = YES;
				CLANG_WARN_BOOL_CONVERSION = YES;
				CLANG_WARN_COMMA = YES;
				CLANG_WARN_CONSTANT_CONVERSION = YES;
				CLANG_WARN_DEPRECATED_OBJC_IMPLEMENTATIONS = YES;
				CLANG_WARN_DIRECT_OBJC_ISA_USAGE = YES_ERROR;
				CLANG_WARN_DOCUMENTATION_COMMENTS = YES;
				CLANG_WARN_EMPTY_BODY = YES;
				CLANG_WARN_ENUM_CONVERSION = YES;
				CLANG_WARN_INFINITE_RECURSION = YES;
				CLANG_WARN_INT_CONVERSION = YES;
				CLANG_WARN_NON_LITERAL_NULL_CONVERSION = YES;
				CLANG_WARN_OBJC_IMPLICIT_RETAIN_SELF = YES;
				CLANG_WARN_OBJC_LITERAL_CONVERSION = YES;
				CLANG_WARN_OBJC_ROOT_CLASS = YES_ERROR;
				CLANG_WARN_QUOTED_INCLUDE_IN_FRAMEWORK_HEADER = YES;
				CLANG_WARN_RANGE_LOOP_ANALYSIS = YES;
				CLANG_WARN_STRICT_PROTOTYPES = YES;
				CLANG_WARN_SUSPICIOUS_MOVE = YES;
				CLANG_WARN_UNGUARDED_AVAILABILITY = YES_AGGRESSIVE;
				CLANG_WARN_UNREACHABLE_CODE = YES;
				CLANG_WARN__DUPLICATE_METHOD_MATCH = YES;
				COPY_PHASE_STRIP = NO;
				DEBUG_INFORMATION_FORMAT = "dwarf-with-dsym";
				ENABLE_NS_ASSERTIONS = NO;
				ENABLE_STRICT_OBJC_MSGSEND = YES;
				GCC_C_LANGUAGE_STANDARD = gnu11;
				GCC_NO_COMMON_BLOCKS = YES;
				GCC_WARN_64_TO_32_BIT_CONVERSION = YES;
				GCC_WARN_ABOUT_RETURN_TYPE = YES_ERROR;
				GCC_WARN_UNDECLARED_SELECTOR = YES;
				GCC_WARN_UNINITIALIZED_AUTOS = YES_AGGRESSIVE;
				GCC_WARN_UNUSED_FUNCTION = YES;
				GCC_WARN_UNUSED_VARIABLE = YES;
				IPHONEOS_DEPLOYMENT_TARGET = 15.2;
				MTL_ENABLE_DEBUG_INFO = NO;
				MTL_FAST_MATH = YES;
				SDKROOT = iphoneos;
				SWIFT_COMPILATION_MODE = wholemodule;
				SWIFT_OPTIMIZATION_LEVEL = "-O";
				VALIDATE_PRODUCT = YES;
			};
			name = Release;
		};
		5DBAB7FB27CD2A02009953B2 /* Debug */ = {
			isa = XCBuildConfiguration;
			buildSettings = {
				ASSETCATALOG_COMPILER_APPICON_NAME = AppIcon;
				ASSETCATALOG_COMPILER_GLOBAL_ACCENT_COLOR_NAME = AccentColor;
				CODE_SIGN_STYLE = Automatic;
				CURRENT_PROJECT_VERSION = 1;
				GENERATE_INFOPLIST_FILE = YES;
				INFOPLIST_FILE = SeniorCapstone2/Info.plist;
				INFOPLIST_KEY_UIApplicationSupportsIndirectInputEvents = YES;
				INFOPLIST_KEY_UILaunchStoryboardName = LaunchScreen;
				INFOPLIST_KEY_UIMainStoryboardFile = Main;
				INFOPLIST_KEY_UISupportedInterfaceOrientations_iPad = "UIInterfaceOrientationPortrait UIInterfaceOrientationPortraitUpsideDown UIInterfaceOrientationLandscapeLeft UIInterfaceOrientationLandscapeRight";
				INFOPLIST_KEY_UISupportedInterfaceOrientations_iPhone = "UIInterfaceOrientationPortrait UIInterfaceOrientationLandscapeLeft UIInterfaceOrientationLandscapeRight";
				LD_RUNPATH_SEARCH_PATHS = (
					"$(inherited)",
					"@executable_path/Frameworks",
				);
				MARKETING_VERSION = 1.0;
				PRODUCT_BUNDLE_IDENTIFIER = com.TomiwaBabalola.SeniorCapstone2;
				PRODUCT_NAME = "$(TARGET_NAME)";
				SWIFT_EMIT_LOC_STRINGS = YES;
				SWIFT_VERSION = 5.0;
				TARGETED_DEVICE_FAMILY = "1,2";
			};
			name = Debug;
		};
		5DBAB7FC27CD2A02009953B2 /* Release */ = {
			isa = XCBuildConfiguration;
			buildSettings = {
				ASSETCATALOG_COMPILER_APPICON_NAME = AppIcon;
				ASSETCATALOG_COMPILER_GLOBAL_ACCENT_COLOR_NAME = AccentColor;
				CODE_SIGN_STYLE = Automatic;
				CURRENT_PROJECT_VERSION = 1;
				GENERATE_INFOPLIST_FILE = YES;
				INFOPLIST_FILE = SeniorCapstone2/Info.plist;
				INFOPLIST_KEY_UIApplicationSupportsIndirectInputEvents = YES;
				INFOPLIST_KEY_UILaunchStoryboardName = LaunchScreen;
				INFOPLIST_KEY_UIMainStoryboardFile = Main;
				INFOPLIST_KEY_UISupportedInterfaceOrientations_iPad = "UIInterfaceOrientationPortrait UIInterfaceOrientationPortraitUpsideDown UIInterfaceOrientationLandscapeLeft UIInterfaceOrientationLandscapeRight";
				INFOPLIST_KEY_UISupportedInterfaceOrientations_iPhone = "UIInterfaceOrientationPortrait UIInterfaceOrientationLandscapeLeft UIInterfaceOrientationLandscapeRight";
				LD_RUNPATH_SEARCH_PATHS = (
					"$(inherited)",
					"@executable_path/Frameworks",
				);
				MARKETING_VERSION = 1.0;
				PRODUCT_BUNDLE_IDENTIFIER = com.TomiwaBabalola.SeniorCapstone2;
				PRODUCT_NAME = "$(TARGET_NAME)";
				SWIFT_EMIT_LOC_STRINGS = YES;
				SWIFT_VERSION = 5.0;
				TARGETED_DEVICE_FAMILY = "1,2";
			};
			name = Release;
		};
/* End XCBuildConfiguration section */

/* Begin XCConfigurationList section */
		5DBAB7E127CD2A00009953B2 /* Build configuration list for PBXProject "SeniorCapstone2" */ = {
			isa = XCConfigurationList;
			buildConfigurations = (
				5DBAB7F827CD2A02009953B2 /* Debug */,
				5DBAB7F927CD2A02009953B2 /* Release */,
			);
			defaultConfigurationIsVisible = 0;
			defaultConfigurationName = Release;
		};
		5DBAB7FA27CD2A02009953B2 /* Build configuration list for PBXNativeTarget "SeniorCapstone2" */ = {
			isa = XCConfigurationList;
			buildConfigurations = (
				5DBAB7FB27CD2A02009953B2 /* Debug */,
				5DBAB7FC27CD2A02009953B2 /* Release */,
			);
			defaultConfigurationIsVisible = 0;
			defaultConfigurationName = Release;
		};
/* End XCConfigurationList section */

/* Begin XCRemoteSwiftPackageReference section */
		28980B2F27D7A08000140469 /* XCRemoteSwiftPackageReference "firebase-ios-sdk" */ = {
			isa = XCRemoteSwiftPackageReference;
			repositoryURL = "https://github.com/firebase/firebase-ios-sdk";
			requirement = {
				kind = upToNextMajorVersion;
				minimumVersion = 8.0.0;
			};
		};
/* End XCRemoteSwiftPackageReference section */

/* Begin XCSwiftPackageProductDependency section */
		28980B3027D7A08000140469 /* FirebaseFirestore */ = {
			isa = XCSwiftPackageProductDependency;
			package = 28980B2F27D7A08000140469 /* XCRemoteSwiftPackageReference "firebase-ios-sdk" */;
			productName = FirebaseFirestore;
		};
/* End XCSwiftPackageProductDependency section */
	};
	rootObject = 5DBAB7DE27CD2A00009953B2 /* Project object */;
}
